
Microsoft Visual Studio Solution File, Format Version 12.00
# Visual Studio Version 17
VisualStudioVersion = 17.7.34024.191
MinimumVisualStudioVersion = 10.0.40219.1
Project("{9A19103F-16F7-4668-BE54-9A1E7A4F7556}") = "ImageANN", "ImageAI\ImageANN.csproj", "{9E3E6F3A-7833-4F5E-9682-B6084DC1A622}"
	ProjectSection(ProjectDependencies) = postProject
		{8619E7B6-0DD3-4D06-854F-A0F6B4105884} = {8619E7B6-0DD3-4D06-854F-A0F6B4105884}
	EndProjectSection
EndProject
Project("{9A19103F-16F7-4668-BE54-9A1E7A4F7556}") = "LibraryANN", "LibraryAI\LibraryANN.csproj", "{8619E7B6-0DD3-4D06-854F-A0F6B4105884}"
EndProject
Project("{FAE04EC0-301F-11D3-BF4B-00C04F79EFBC}") = "ObjectDetectionWPF", "ObjectDetectionWPF\ObjectDetectionWPF.csproj", "{3B589743-58EA-4C09-A8BF-56EEFCCC7769}"
EndProject
Global
	GlobalSection(SolutionConfigurationPlatforms) = preSolution
		Debug|Any CPU = Debug|Any CPU
		Release|Any CPU = Release|Any CPU
	EndGlobalSection
	GlobalSection(ProjectConfigurationPlatforms) = postSolution
		{9E3E6F3A-7833-4F5E-9682-B6084DC1A622}.Debug|Any CPU.ActiveCfg = Debug|Any CPU
		{9E3E6F3A-7833-4F5E-9682-B6084DC1A622}.Debug|Any CPU.Build.0 = Debug|Any CPU
		{9E3E6F3A-7833-4F5E-9682-B6084DC1A622}.Release|Any CPU.ActiveCfg = Release|Any CPU
		{9E3E6F3A-7833-4F5E-9682-B6084DC1A622}.Release|Any CPU.Build.0 = Release|Any CPU
		{8619E7B6-0DD3-4D06-854F-A0F6B4105884}.Debug|Any CPU.ActiveCfg = Debug|Any CPU
		{8619E7B6-0DD3-4D06-854F-A0F6B4105884}.Debug|Any CPU.Build.0 = Debug|Any CPU
		{8619E7B6-0DD3-4D06-854F-A0F6B4105884}.Release|Any CPU.ActiveCfg = Release|Any CPU
		{8619E7B6-0DD3-4D06-854F-A0F6B4105884}.Release|Any CPU.Build.0 = Release|Any CPU
		{3B589743-58EA-4C09-A8BF-56EEFCCC7769}.Debug|Any CPU.ActiveCfg = Debug|Any CPU
		{3B589743-58EA-4C09-A8BF-56EEFCCC7769}.Debug|Any CPU.Build.0 = Debug|Any CPU
		{3B589743-58EA-4C09-A8BF-56EEFCCC7769}.Release|Any CPU.ActiveCfg = Release|Any CPU
		{3B589743-58EA-4C09-A8BF-56EEFCCC7769}.Release|Any CPU.Build.0 = Release|Any CPU
	EndGlobalSection
	GlobalSection(SolutionProperties) = preSolution
		HideSolutionNode = FALSE
	EndGlobalSection
	GlobalSection(ExtensibilityGlobals) = postSolution
		SolutionGuid = {7EA0B212-73A2-479E-9440-49EC0E56874C}
	EndGlobalSection
EndGlobal
